
Microsoft Visual Studio Solution File, Format Version 12.00
# Visual Studio Version 17
VisualStudioVersion = 17.8.34330.188
MinimumVisualStudioVersion = 10.0.40219.1
Project("{2150E333-8FDC-42A3-9474-1A3956D46DE8}") = "AspNetMvc", "AspNetMvc", "{6DDCCD52-184C-40D3-BBEE-89E53FC7A26A}"
EndProject
Project("{FAE04EC0-301F-11D3-BF4B-00C04F79EFBC}") = "WebAppMVC", "AspNetMvc\WebAppMVC\WebAppMVC.csproj", "{B13954EA-64F1-4CC8-8C53-90F68EB38331}"
EndProject
Global
	GlobalSection(SolutionConfigurationPlatforms) = preSolution
		Debug|Any CPU = Debug|Any CPU
		Release|Any CPU = Release|Any CPU
	EndGlobalSection
	GlobalSection(ProjectConfigurationPlatforms) = postSolution
		{B13954EA-64F1-4CC8-8C53-90F68EB38331}.Debug|Any CPU.ActiveCfg = Debug|Any CPU
		{B13954EA-64F1-4CC8-8C53-90F68EB38331}.Debug|Any CPU.Build.0 = Debug|Any CPU
		{B13954EA-64F1-4CC8-8C53-90F68EB38331}.Release|Any CPU.ActiveCfg = Release|Any CPU
		{B13954EA-64F1-4CC8-8C53-90F68EB38331}.Release|Any CPU.Build.0 = Release|Any CPU
	EndGlobalSection
	GlobalSection(SolutionProperties) = preSolution
		HideSolutionNode = FALSE
	EndGlobalSection
	GlobalSection(NestedProjects) = preSolution
		{B13954EA-64F1-4CC8-8C53-90F68EB38331} = {6DDCCD52-184C-40D3-BBEE-89E53FC7A26A}
	EndGlobalSection
	GlobalSection(ExtensibilityGlobals) = postSolution
		SolutionGuid = {2EAE9092-B260-4D20-8F47-F16286B2C161}
	EndGlobalSection
EndGlobal
